<?xml version="1.0" encoding="utf-8"?>
<Project ToolsVersion="4.0" xmlns="http://schemas.microsoft.com/developer/msbuild/2003">
  <ItemGroup>
    <Filter Include="Source Files">
      <UniqueIdentifier>{4FC737F1-C7A5-4376-A066-2A32D752A2FF}</UniqueIdentifier>
      <Extensions>cpp;c;cc;cxx;def;odl;idl;hpj;bat;asm;asmx</Extensions>
    </Filter>
    <Filter Include="Header Files">
      <UniqueIdentifier>{93995380-89BD-4b04-88EB-625FBE52EBFB}</UniqueIdentifier>
      <Extensions>h;hh;hpp;hxx;hm;inl;inc;ipp;xsd</Extensions>
    </Filter>
    <Filter Include="Resource Files">
      <UniqueIdentifier>{67DA6AB6-F800-4c08-8B7A-83BB121AAD01}</UniqueIdentifier>
      <Extensions>rc;ico;cur;bmp;dlg;rc2;rct;bin;rgs;gif;jpg;jpeg;jpe;resx;tiff;tif;png;wav;mfcribbon-ms</Extensions>
    </Filter>
    <Filter Include="Header Files\FFmpeg">
      <UniqueIdentifier>{5afd9c39-a8a8-450e-9069-812660c4a4fc}</UniqueIdentifier>
    </Filter>
    <Filter Include="Source Files\FFmpeg">
      <UniqueIdentifier>{7fbf5e01-5a67-4109-9431-15a99f796c24}</UniqueIdentifier>
    </Filter>
    <Filter Include="Header Files\Spectrums">
      <UniqueIdentifier>{e01df327-4c16-4770-a6c5-8239744fff90}</UniqueIdentifier>
    </Filter>
    <Filter Include="Source Files\Spectrums">
      <UniqueIdentifier>{54882ce4-97bd-4be7-bd41-8dc87153cabc}</UniqueIdentifier>
    </Filter>
    <Filter Include="Source Files\Keras CNN">
      <UniqueIdentifier>{5a9aab5a-ad5d-45fd-8c14-94c71c3e6601}</UniqueIdentifier>
    </Filter>
    <Filter Include="Header Files\Keras CNN">
      <UniqueIdentifier>{ccdbd9a6-997b-46ac-bb97-ba2f3d9ebea4}</UniqueIdentifier>
    </Filter>
  </ItemGroup>
  <ItemGroup>
    <ClInclude Include="stdafx.h">
      <Filter>Header Files</Filter>
    </ClInclude>
    <ClInclude Include="targetver.h">
      <Filter>Header Files</Filter>
    </ClInclude>
    <ClInclude Include="FFmpegError.h">
      <Filter>Header Files\FFmpeg</Filter>
    </ClInclude>
    <ClInclude Include="Frame.h">
      <Filter>Header Files\FFmpeg</Filter>
    </ClInclude>
    <ClInclude Include="Packet.h">
      <Filter>Header Files\FFmpeg</Filter>
    </ClInclude>
    <ClInclude Include="AudioLoader.h">
      <Filter>Header Files\FFmpeg</Filter>
    </ClInclude>
    <ClInclude Include="MonoResampler.h">
      <Filter>Header Files\FFmpeg</Filter>
    </ClInclude>
    <ClInclude Include="AlignedVector.h">
      <Filter>Header Files\Spectrums</Filter>
    </ClInclude>
    <ClInclude Include="IntelCheckStatus.h">
      <Filter>Header Files\Spectrums</Filter>
    </ClInclude>
    <ClInclude Include="ConstantQ.h">
      <Filter>Header Files\Spectrums</Filter>
    </ClInclude>
    <ClInclude Include="CqtBasis.h">
      <Filter>Header Files\Spectrums</Filter>
    </ClInclude>
    <ClInclude Include="CqtError.h">
      <Filter>Header Files\Spectrums</Filter>
    </ClInclude>
    <ClInclude Include="ShortTimeFourier.h">
      <Filter>Header Files\Spectrums</Filter>
    </ClInclude>
    <ClInclude Include="SparseMatrix.h">
      <Filter>Header Files\Spectrums</Filter>
    </ClInclude>
    <ClInclude Include="HarmonicPercussive.h">
      <Filter>Header Files\Spectrums</Filter>
    </ClInclude>
    <ClInclude Include="KerasCnn.h">
      <Filter>Header Files\Keras CNN</Filter>
    </ClInclude>
    <ClInclude Include="KerasError.h">
      <Filter>Header Files\Keras CNN</Filter>
    </ClInclude>
    <ClInclude Include="PianoToMidi.h">
      <Filter>Header Files</Filter>
    </ClInclude>
    <ClInclude Include="MidiOutError.h">
      <Filter>Header Files</Filter>
    </ClInclude>
    <ClInclude Include="Tempogram.h">
      <Filter>Header Files\Spectrums</Filter>
    </ClInclude>
    <ClInclude Include="EnumFuncs.h">
      <Filter>Header Files\Spectrums</Filter>
    </ClInclude>
  </ItemGroup>
  <ItemGroup>
    <ClCompile Include="stdafx.cpp">
      <Filter>Source Files</Filter>
    </ClCompile>
    <ClCompile Include="AudioLoader.cpp">
      <Filter>Source Files\FFmpeg</Filter>
    </ClCompile>
    <ClCompile Include="MonoResampler.cpp">
      <Filter>Source Files\FFmpeg</Filter>
    </ClCompile>
    <ClCompile Include="FFmpegError.cpp">
      <Filter>Source Files\FFmpeg</Filter>
    </ClCompile>
    <ClCompile Include="IntelCheckStatus.cpp">
      <Filter>Source Files\Spectrums</Filter>
    </ClCompile>
    <ClCompile Include="ConstantQ.cpp">
      <Filter>Source Files\Spectrums</Filter>
    </ClCompile>
    <ClCompile Include="CqtBasis.cpp">
      <Filter>Source Files\Spectrums</Filter>
    </ClCompile>
    <ClCompile Include="ShortTimeFourier.cpp">
      <Filter>Source Files\Spectrums</Filter>
    </ClCompile>
    <ClCompile Include="SparseMatrix.cpp">
      <Filter>Source Files\Spectrums</Filter>
    </ClCompile>
    <ClCompile Include="HarmonicPercussive.cpp">
      <Filter>Source Files\Spectrums</Filter>
    </ClCompile>
    <ClCompile Include="KerasCnn.cpp">
      <Filter>Source Files\Keras CNN</Filter>
    </ClCompile>
    <ClCompile Include="PianoToMidi.cpp">
      <Filter>Source Files</Filter>
    </ClCompile>
    <ClCompile Include="Tempogram.cpp">
      <Filter>Source Files\Spectrums</Filter>
    </ClCompile>
    <ClCompile Include="EnumFuncs.cpp">
      <Filter>Source Files\Spectrums</Filter>
    </ClCompile>
  </ItemGroup>
</Project>